// !$*UTF8*$!
{
	archiveVersion = 1;
	classes = {
	};
	objectVersion = 48;
	objects = {

/* Begin PBXBuildFile section */
		85430B491FA8F7FB004F36C7 /* AppDelegate.swift in Sources */ = {isa = PBXBuildFile; fileRef = 85430B481FA8F7FB004F36C7 /* AppDelegate.swift */; };
		85430B4B1FA8F7FB004F36C7 /* ViewController.swift in Sources */ = {isa = PBXBuildFile; fileRef = 85430B4A1FA8F7FB004F36C7 /* ViewController.swift */; };
		85430B4E1FA8F7FB004F36C7 /* Main.storyboard in Resources */ = {isa = PBXBuildFile; fileRef = 85430B4C1FA8F7FB004F36C7 /* Main.storyboard */; };
		85430B501FA8F7FB004F36C7 /* Assets.xcassets in Resources */ = {isa = PBXBuildFile; fileRef = 85430B4F1FA8F7FB004F36C7 /* Assets.xcassets */; };
		85430B531FA8F7FB004F36C7 /* LaunchScreen.storyboard in Resources */ = {isa = PBXBuildFile; fileRef = 85430B511FA8F7FB004F36C7 /* LaunchScreen.storyboard */; };
/* End PBXBuildFile section */

/* Begin PBXFileReference section */
		85430B451FA8F7FB004F36C7 /* Swift 4 Fun.app */ = {isa = PBXFileReference; explicitFileType = wrapper.application; includeInIndex = 0; path = "Swift 4 Fun.app"; sourceTree = BUILT_PRODUCTS_DIR; };
		85430B481FA8F7FB004F36C7 /* AppDelegate.swift */ = {isa = PBXFileReference; lastKnownFileType = sourcecode.swift; path = AppDelegate.swift; sourceTree = "<group>"; };
		85430B4A1FA8F7FB004F36C7 /* ViewController.swift */ = {isa = PBXFileReference; lastKnownFileType = sourcecode.swift; path = ViewController.swift; sourceTree = "<group>"; };
		85430B4D1FA8F7FB004F36C7 /* Base */ = {isa = PBXFileReference; lastKnownFileType = file.storyboard; name = Base; path = Base.lproj/Main.storyboard; sourceTree = "<group>"; };
		85430B4F1FA8F7FB004F36C7 /* Assets.xcassets */ = {isa = PBXFileReference; lastKnownFileType = folder.assetcatalog; path = Assets.xcassets; sourceTree = "<group>"; };
		85430B521FA8F7FB004F36C7 /* Base */ = {isa = PBXFileReference; lastKnownFileType = file.storyboard; name = Base; path = Base.lproj/LaunchScreen.storyboard; sourceTree = "<group>"; };
		85430B541FA8F7FB004F36C7 /* Info.plist */ = {isa = PBXFileReference; lastKnownFileType = text.plist.xml; path = Info.plist; sourceTree = "<group>"; };
/* End PBXFileReference section */

/* Begin PBXFrameworksBuildPhase section */
		85430B421FA8F7FB004F36C7 /* Frameworks */ = {
			isa = PBXFrameworksBuildPhase;
			buildActionMask = 2147483647;
			files = (
			);
			runOnlyForDeploymentPostprocessing = 0;
		};
/* End PBXFrameworksBuildPhase section */

/* Begin PBXGroup section */
		85430B3C1FA8F7FB004F36C7 = {
			isa = PBXGroup;
			children = (
				85430B471FA8F7FB004F36C7 /* Swift 4 Fun */,
				85430B461FA8F7FB004F36C7 /* Products */,
			);
			sourceTree = "<group>";
		};
		85430B461FA8F7FB004F36C7 /* Products */ = {
			isa = PBXGroup;
			children = (
				85430B451FA8F7FB004F36C7 /* Swift 4 Fun.app */,
			);
			name = Products;
			sourceTree = "<group>";
		};
		85430B471FA8F7FB004F36C7 /* Swift 4 Fun */ = {
			isa = PBXGroup;
			children = (
				85430B481FA8F7FB004F36C7 /* AppDelegate.swift */,
				85430B4A1FA8F7FB004F36C7 /* ViewController.swift */,
				85430B4C1FA8F7FB004F36C7 /* Main.storyboard */,
				85430B4F1FA8F7FB004F36C7 /* Assets.xcassets */,
				85430B511FA8F7FB004F36C7 /* LaunchScreen.storyboard */,
				85430B541FA8F7FB004F36C7 /* Info.plist */,
			);
			path = "Swift 4 Fun";
			sourceTree = "<group>";
		};
/* End PBXGroup section */

/* Begin PBXNativeTarget section */
		85430B441FA8F7FB004F36C7 /* Swift 4 Fun */ = {
			isa = PBXNativeTarget;
			buildConfigurationList = 85430B571FA8F7FB004F36C7 /* Build configuration list for PBXNativeTarget "Swift 4 Fun" */;
			buildPhases = (
				85430B411FA8F7FB004F36C7 /* Sources */,
				85430B421FA8F7FB004F36C7 /* Frameworks */,
				85430B431FA8F7FB004F36C7 /* Resources */,
			);
			buildRules = (
			);
			dependencies = (
			);
			name = "Swift 4 Fun";
			productName = "Swift 4 Fun";
			productReference = 85430B451FA8F7FB004F36C7 /* Swift 4 Fun.app */;
			productType = "com.apple.product-type.application";
		};
/* End PBXNativeTarget section */

/* Begin PBXProject section */
		85430B3D1FA8F7FB004F36C7 /* Project object */ = {
			isa = PBXProject;
			attributes = {
				LastSwiftUpdateCheck = 0900;
				LastUpgradeCheck = 0900;
				ORGANIZATIONNAME = "Matt Harp";
				TargetAttributes = {
					85430B441FA8F7FB004F36C7 = {
						CreatedOnToolsVersion = 9.0.1;
						ProvisioningStyle = Automatic;
					};
				};
			};
			buildConfigurationList = 85430B401FA8F7FB004F36C7 /* Build configuration list for PBXProject "Swift 4 Fun" */;
			compatibilityVersion = "Xcode 8.0";
			developmentRegion = en;
			hasScannedForEncodings = 0;
			knownRegions = (
				en,
				Base,
			);
			mainGroup = 85430B3C1FA8F7FB004F36C7;
			productRefGroup = 85430B461FA8F7FB004F36C7 /* Products */;
			projectDirPath = "";
			projectRoot = "";
			targets = (
				85430B441FA8F7FB004F36C7 /* Swift 4 Fun */,
			);
		};
/* End PBXProject section */

/* Begin PBXResourcesBuildPhase section */
		85430B431FA8F7FB004F36C7 /* Resources */ = {
			isa = PBXResourcesBuildPhase;
			buildActionMask = 2147483647;
			files = (
				85430B531FA8F7FB004F36C7 /* LaunchScreen.storyboard in Resources */,
				85430B501FA8F7FB004F36C7 /* Assets.xcassets in Resources */,
				85430B4E1FA8F7FB004F36C7 /* Main.storyboard in Resources */,
			);
			runOnlyForDeploymentPostprocessing = 0;
		};
/* End PBXResourcesBuildPhase section */

/* Begin PBXSourcesBuildPhase section */
		85430B411FA8F7FB004F36C7 /* Sources */ = {
			isa = PBXSourcesBuildPhase;
			buildActionMask = 2147483647;
			files = (
				85430B4B1FA8F7FB004F36C7 /* ViewController.swift in Sources */,
				85430B491FA8F7FB004F36C7 /* AppDelegate.swift in Sources */,
			);
			runOnlyForDeploymentPostprocessing = 0;
		};
/* End PBXSourcesBuildPhase section */

/* Begin PBXVariantGroup section */
		85430B4C1FA8F7FB004F36C7 /* Main.storyboard */ = {
			isa = PBXVariantGroup;
			children = (
				85430B4D1FA8F7FB004F36C7 /* Base */,
			);
			name = Main.storyboard;
			sourceTree = "<group>";
		};
		85430B511FA8F7FB004F36C7 /* LaunchScreen.storyboard */ = {
			isa = PBXVariantGroup;
			children = (
				85430B521FA8F7FB004F36C7 /* Base */,
			);
			name = LaunchScreen.storyboard;
			sourceTree = "<group>";
		};
/* End PBXVariantGroup section */

/* Begin XCBuildConfiguration section */
		85430B551FA8F7FB004F36C7 /* Debug */ = {
			isa = XCBuildConfiguration;
			buildSettings = {
				ALWAYS_SEARCH_USER_PATHS = NO;
				CLANG_ANALYZER_NONNULL = YES;
				CLANG_ANALYZER_NUMBER_OBJECT_CONVERSION = YES_AGGRESSIVE;
				CLANG_CXX_LANGUAGE_STANDARD = "gnu++14";
				CLANG_CXX_LIBRARY = "libc++";
				CLANG_ENABLE_MODULES = YES;
				CLANG_ENABLE_OBJC_ARC = YES;
				CLANG_WARN_BLOCK_CAPTURE_AUTORELEASING = YES;
				CLANG_WARN_BOOL_CONVERSION = YES;
				CLANG_WARN_COMMA = YES;
				CLANG_WARN_CONSTANT_CONVERSION = YES;
				CLANG_WARN_DIRECT_OBJC_ISA_USAGE = YES_ERROR;
				CLANG_WARN_DOCUMENTATION_COMMENTS = YES;
				CLANG_WARN_EMPTY_BODY = YES;
				CLANG_WARN_ENUM_CONVERSION = YES;
				CLANG_WARN_INFINITE_RECURSION = YES;
				CLANG_WARN_INT_CONVERSION = YES;
				CLANG_WARN_NON_LITERAL_NULL_CONVERSION = YES;
				CLANG_WARN_OBJC_LITERAL_CONVERSION = YES;
				CLANG_WARN_OBJC_ROOT_CLASS = YES_ERROR;
				CLANG_WARN_RANGE_LOOP_ANALYSIS = YES;
				CLANG_WARN_STRICT_PROTOTYPES = YES;
				CLANG_WARN_SUSPICIOUS_MOVE = YES;
				CLANG_WARN_UNGUARDED_AVAILABILITY = YES_AGGRESSIVE;
				CLANG_WARN_UNREACHABLE_CODE = YES;
				CLANG_WARN__DUPLICATE_METHOD_MATCH = YES;
				CODE_SIGN_IDENTITY = "iPhone Developer";
				COPY_PHASE_STRIP = NO;
				DEBUG_INFORMATION_FORMAT = dwarf;
				ENABLE_STRICT_OBJC_MSGSEND = YES;
				ENABLE_TESTABILITY = YES;
				GCC_C_LANGUAGE_STANDARD = gnu11;
				GCC_DYNAMIC_NO_PIC = NO;
				GCC_NO_COMMON_BLOCKS = YES;
				GCC_OPTIMIZATION_LEVEL = 0;
				GCC_PREPROCESSOR_DEFINITIONS = (
					"DEBUG=1",
					"$(inherited)",
				);
				GCC_WARN_64_TO_32_BIT_CONVERSION = YES;
				GCC_WARN_ABOUT_RETURN_TYPE = YES_ERROR;
				GCC_WARN_UNDECLARED_SELECTOR = YES;
				GCC_WARN_UNINITIALIZED_AUTOS = YES_AGGRESSIVE;
				GCC_WARN_UNUSED_FUNCTION = YES;
				GCC_WARN_UNUSED_VARIABLE = YES;
				IPHONEOS_DEPLOYMENT_TARGET = 11.0;
				MTL_ENABLE_DEBUG_INFO = YES;
				ONLY_ACTIVE_ARCH = YES;
				SDKROOT = iphoneos;
				SWIFT_ACTIVE_COMPILATION_CONDITIONS = DEBUG;
				SWIFT_OPTIMIZATION_LEVEL = "-Onone";
			};
			name = Debug;
		};
		85430B561FA8F7FB004F36C7 /* Release */ = {
			isa = XCBuildConfiguration;
			buildSettings = {
				ALWAYS_SEARCH_USER_PATHS = NO;
				CLANG_ANALYZER_NONNULL = YES;
				CLANG_ANALYZER_NUMBER_OBJECT_CONVERSION = YES_AGGRESSIVE;
				CLANG_CXX_LANGUAGE_STANDARD = "gnu++14";
				CLANG_CXX_LIBRARY = "libc++";
				CLANG_ENABLE_MODULES = YES;
				CLANG_ENABLE_OBJC_ARC = YES;
				CLANG_WARN_BLOCK_CAPTURE_AUTORELEASING = YES;
				CLANG_WARN_BOOL_CONVERSION = YES;
				CLANG_WARN_COMMA = YES;
				CLANG_WARN_CONSTANT_CONVERSION = YES;
				CLANG_WARN_DIRECT_OBJC_ISA_USAGE = YES_ERROR;
				CLANG_WARN_DOCUMENTATION_COMMENTS = YES;
				CLANG_WARN_EMPTY_BODY = YES;
				CLANG_WARN_ENUM_CONVERSION = YES;
				CLANG_WARN_INFINITE_RECURSION = YES;
				CLANG_WARN_INT_CONVERSION = YES;
				CLANG_WARN_NON_LITERAL_NULL_CONVERSION = YES;
				CLANG_WARN_OBJC_LITERAL_CONVERSION = YES;
				CLANG_WARN_OBJC_ROOT_CLASS = YES_ERROR;
				CLANG_WARN_RANGE_LOOP_ANALYSIS = YES;
				CLANG_WARN_STRICT_PROTOTYPES = YES;
				CLANG_WARN_SUSPICIOUS_MOVE = YES;
				CLANG_WARN_UNGUARDED_AVAILABILITY = YES_AGGRESSIVE;
				CLANG_WARN_UNREACHABLE_CODE = YES;
				CLANG_WARN__DUPLICATE_METHOD_MATCH = YES;
				CODE_SIGN_IDENTITY = "iPhone Developer";
				COPY_PHASE_STRIP = NO;
				DEBUG_INFORMATION_FORMAT = "dwarf-with-dsym";
				ENABLE_NS_ASSERTIONS = NO;
				ENABLE_STRICT_OBJC_MSGSEND = YES;
				GCC_C_LANGUAGE_STANDARD = gnu11;
				GCC_NO_COMMON_BLOCKS = YES;
				GCC_WARN_64_TO_32_BIT_CONVERSION = YES;
				GCC_WARN_ABOUT_RETURN_TYPE = YES_ERROR;
				GCC_WARN_UNDECLARED_SELECTOR = YES;
				GCC_WARN_UNINITIALIZED_AUTOS = YES_AGGRESSIVE;
				GCC_WARN_UNUSED_FUNCTION = YES;
				GCC_WARN_UNUSED_VARIABLE = YES;
				IPHONEOS_DEPLOYMENT_TARGET = 11.0;
				MTL_ENABLE_DEBUG_INFO = NO;
				SDKROOT = iphoneos;
				SWIFT_OPTIMIZATION_LEVEL = "-Owholemodule";
				VALIDATE_PRODUCT = YES;
			};
			name = Release;
		};
		85430B581FA8F7FB004F36C7 /* Debug */ = {
			isa = XCBuildConfiguration;
			buildSettings = {
				ASSETCATALOG_COMPILER_APPICON_NAME = AppIcon;
				CODE_SIGN_STYLE = Automatic;
				INFOPLIST_FILE = "Swift 4 Fun/Info.plist";
				LD_RUNPATH_SEARCH_PATHS = "$(inherited) @executable_path/Frameworks";
				PRODUCT_BUNDLE_IDENTIFIER = "com.slateblank.Swift-4-Fun";
				PRODUCT_NAME = "$(TARGET_NAME)";
				SWIFT_VERSION = 4.0;
				TARGETED_DEVICE_FAMILY = "1,2";
			};
			name = Debug;
		};
		85430B591FA8F7FB004F36C7 /* Release */ = {
			isa = XCBuildConfiguration;
			buildSettings = {
				ASSETCATALOG_COMPILER_APPICON_NAME = AppIcon;
				CODE_SIGN_STYLE = Automatic;
				INFOPLIST_FILE = "Swift 4 Fun/Info.plist";
				LD_RUNPATH_SEARCH_PATHS = "$(inherited) @executable_path/Frameworks";
				PRODUCT_BUNDLE_IDENTIFIER = "com.slateblank.Swift-4-Fun";
				PRODUCT_NAME = "$(TARGET_NAME)";
				SWIFT_VERSION = 4.0;
				TARGETED_DEVICE_FAMILY = "1,2";
			};
			name = Release;
		};
/* End XCBuildConfiguration section */

/* Begin XCConfigurationList section */
		85430B401FA8F7FB004F36C7 /* Build configuration list for PBXProject "Swift 4 Fun" */ = {
			isa = XCConfigurationList;
			buildConfigurations = (
				85430B551FA8F7FB004F36C7 /* Debug */,
				85430B561FA8F7FB004F36C7 /* Release */,
			);
			defaultConfigurationIsVisible = 0;
			defaultConfigurationName = Release;
		};
		85430B571FA8F7FB004F36C7 /* Build configuration list for PBXNativeTarget "Swift 4 Fun" */ = {
			isa = XCConfigurationList;
			buildConfigurations = (
				85430B581FA8F7FB004F36C7 /* Debug */,
				85430B591FA8F7FB004F36C7 /* Release */,
			);
			defaultConfigurationIsVisible = 0;
			defaultConfigurationName = Release;
		};
/* End XCConfigurationList section */
	};
	rootObject = 85430B3D1FA8F7FB004F36C7 /* Project object */;
}
